
Microsoft Visual Studio Solution File, Format Version 12.00
# Visual Studio Version 16
VisualStudioVersion = 16.0.29911.84
MinimumVisualStudioVersion = 10.0.40219.1
Project("{9A19103F-16F7-4668-BE54-9A1E7A4F7556}") = "NiboTestAPI", "NiboTestAPI\NiboTestAPI.csproj", "{61995827-FDF3-4CD8-8C6D-DE95A6340727}"
EndProject
Project("{9A19103F-16F7-4668-BE54-9A1E7A4F7556}") = "NiboTestApplication", "NiboTestApplication\NiboTestApplication.csproj", "{2709B152-C396-42DB-BCA0-ACA46EEDF438}"
EndProject
Global
	GlobalSection(SolutionConfigurationPlatforms) = preSolution
		Debug|Any CPU = Debug|Any CPU
		Release|Any CPU = Release|Any CPU
	EndGlobalSection
	GlobalSection(ProjectConfigurationPlatforms) = postSolution
		{61995827-FDF3-4CD8-8C6D-DE95A6340727}.Debug|Any CPU.ActiveCfg = Debug|Any CPU
		{61995827-FDF3-4CD8-8C6D-DE95A6340727}.Debug|Any CPU.Build.0 = Debug|Any CPU
		{61995827-FDF3-4CD8-8C6D-DE95A6340727}.Release|Any CPU.ActiveCfg = Release|Any CPU
		{61995827-FDF3-4CD8-8C6D-DE95A6340727}.Release|Any CPU.Build.0 = Release|Any CPU
		{2709B152-C396-42DB-BCA0-ACA46EEDF438}.Debug|Any CPU.ActiveCfg = Debug|Any CPU
		{2709B152-C396-42DB-BCA0-ACA46EEDF438}.Debug|Any CPU.Build.0 = Debug|Any CPU
		{2709B152-C396-42DB-BCA0-ACA46EEDF438}.Release|Any CPU.ActiveCfg = Release|Any CPU
		{2709B152-C396-42DB-BCA0-ACA46EEDF438}.Release|Any CPU.Build.0 = Release|Any CPU
	EndGlobalSection
	GlobalSection(SolutionProperties) = preSolution
		HideSolutionNode = FALSE
	EndGlobalSection
	GlobalSection(ExtensibilityGlobals) = postSolution
		SolutionGuid = {AF691F85-BB41-41B0-9EB6-76B0C3727B70}
	EndGlobalSection
EndGlobal
